# This file is automatically @generated by Cargo.
# It is not intended for manual editing.
version = 3

[[package]]
name = "shellguard-cli"
version = "0.1.0"
dependencies = [
 "shellguard-enforce",
 "shellguard-gate",
 "shellguard-parse",
 "shellguard-policy",
]

[[package]]
name = "shellguard-enforce"
version = "0.1.0"
dependencies = [
 "shellguard-policy",
]

[[package]]
name = "shellguard-ffi"
version = "0.1.0"
dependencies = [
 "shellguard-gate",
 "shellguard-policy",
]

[[package]]
name = "shellguard-gate"
version = "0.1.0"
dependencies = [
 "shellguard-parse",
 "shellguard-policy",
]

[[package]]
name = "shellguard-parse"
version = "0.1.0"

[[package]]
name = "shellguard-policy"
version = "0.1.0"
dependencies = [
 "shellguard-parse",
]

[[package]]
name = "shellguard-runtime"
version = "0.1.0"
dependencies = [
 "shellguard-enforce",
 "shellguard-policy",
]
